// !$*UTF8*$!
{
	archiveVersion = 1;
	classes = {
	};
	objectVersion = 50;
	objects = {

/* Begin PBXBuildFile section */
		B020AC7B248B7FE300F14D9E /* AppDelegate.swift in Sources */ = {isa = PBXBuildFile; fileRef = B020AC7A248B7FE300F14D9E /* AppDelegate.swift */; };
		B020AC7D248B7FE300F14D9E /* SceneDelegate.swift in Sources */ = {isa = PBXBuildFile; fileRef = B020AC7C248B7FE300F14D9E /* SceneDelegate.swift */; };
		B020AC80248B7FE300F14D9E /* authx.xcdatamodeld in Sources */ = {isa = PBXBuildFile; fileRef = B020AC7E248B7FE300F14D9E /* authx.xcdatamodeld */; };
		B020AC82248B7FE300F14D9E /* ContentView.swift in Sources */ = {isa = PBXBuildFile; fileRef = B020AC81248B7FE300F14D9E /* ContentView.swift */; };
		B020AC84248B7FE400F14D9E /* Assets.xcassets in Resources */ = {isa = PBXBuildFile; fileRef = B020AC83248B7FE400F14D9E /* Assets.xcassets */; };
		B020AC87248B7FE400F14D9E /* Preview Assets.xcassets in Resources */ = {isa = PBXBuildFile; fileRef = B020AC86248B7FE400F14D9E /* Preview Assets.xcassets */; };
		B020AC8A248B7FE400F14D9E /* LaunchScreen.storyboard in Resources */ = {isa = PBXBuildFile; fileRef = B020AC88248B7FE400F14D9E /* LaunchScreen.storyboard */; };
		B020AC95248B7FE400F14D9E /* authxTests.swift in Sources */ = {isa = PBXBuildFile; fileRef = B020AC94248B7FE400F14D9E /* authxTests.swift */; };
		B020ACA0248B7FE400F14D9E /* authxUITests.swift in Sources */ = {isa = PBXBuildFile; fileRef = B020AC9F248B7FE400F14D9E /* authxUITests.swift */; };
		B0392B6B248EEFB400E84CC8 /* QRScanner.swift in Sources */ = {isa = PBXBuildFile; fileRef = B0392B6A248EEFB400E84CC8 /* QRScanner.swift */; };
		B0392B6C248EEFB400E84CC8 /* QRScanner.swift in Sources */ = {isa = PBXBuildFile; fileRef = B0392B6A248EEFB400E84CC8 /* QRScanner.swift */; };
		B0392B6D248EEFB400E84CC8 /* QRScanner.swift in Sources */ = {isa = PBXBuildFile; fileRef = B0392B6A248EEFB400E84CC8 /* QRScanner.swift */; };
/* End PBXBuildFile section */

/* Begin PBXContainerItemProxy section */
		B020AC91248B7FE400F14D9E /* PBXContainerItemProxy */ = {
			isa = PBXContainerItemProxy;
			containerPortal = B020AC6F248B7FE300F14D9E /* Project object */;
			proxyType = 1;
			remoteGlobalIDString = B020AC76248B7FE300F14D9E;
			remoteInfo = authx;
		};
		B020AC9C248B7FE400F14D9E /* PBXContainerItemProxy */ = {
			isa = PBXContainerItemProxy;
			containerPortal = B020AC6F248B7FE300F14D9E /* Project object */;
			proxyType = 1;
			remoteGlobalIDString = B020AC76248B7FE300F14D9E;
			remoteInfo = authx;
		};
/* End PBXContainerItemProxy section */

/* Begin PBXFileReference section */
		B020AC77248B7FE300F14D9E /* authx.app */ = {isa = PBXFileReference; explicitFileType = wrapper.application; includeInIndex = 0; path = authx.app; sourceTree = BUILT_PRODUCTS_DIR; };
		B020AC7A248B7FE300F14D9E /* AppDelegate.swift */ = {isa = PBXFileReference; lastKnownFileType = sourcecode.swift; path = AppDelegate.swift; sourceTree = "<group>"; };
		B020AC7C248B7FE300F14D9E /* SceneDelegate.swift */ = {isa = PBXFileReference; lastKnownFileType = sourcecode.swift; path = SceneDelegate.swift; sourceTree = "<group>"; };
		B020AC7F248B7FE300F14D9E /* authx.xcdatamodel */ = {isa = PBXFileReference; lastKnownFileType = wrapper.xcdatamodel; path = authx.xcdatamodel; sourceTree = "<group>"; };
		B020AC81248B7FE300F14D9E /* ContentView.swift */ = {isa = PBXFileReference; lastKnownFileType = sourcecode.swift; path = ContentView.swift; sourceTree = "<group>"; };
		B020AC83248B7FE400F14D9E /* Assets.xcassets */ = {isa = PBXFileReference; lastKnownFileType = folder.assetcatalog; path = Assets.xcassets; sourceTree = "<group>"; };
		B020AC86248B7FE400F14D9E /* Preview Assets.xcassets */ = {isa = PBXFileReference; lastKnownFileType = folder.assetcatalog; path = "Preview Assets.xcassets"; sourceTree = "<group>"; };
		B020AC89248B7FE400F14D9E /* Base */ = {isa = PBXFileReference; lastKnownFileType = file.storyboard; name = Base; path = Base.lproj/LaunchScreen.storyboard; sourceTree = "<group>"; };
		B020AC8B248B7FE400F14D9E /* Info.plist */ = {isa = PBXFileReference; lastKnownFileType = text.plist.xml; path = Info.plist; sourceTree = "<group>"; };
		B020AC90248B7FE400F14D9E /* authxTests.xctest */ = {isa = PBXFileReference; explicitFileType = wrapper.cfbundle; includeInIndex = 0; path = authxTests.xctest; sourceTree = BUILT_PRODUCTS_DIR; };
		B020AC94248B7FE400F14D9E /* authxTests.swift */ = {isa = PBXFileReference; lastKnownFileType = sourcecode.swift; path = authxTests.swift; sourceTree = "<group>"; };
		B020AC96248B7FE400F14D9E /* Info.plist */ = {isa = PBXFileReference; lastKnownFileType = text.plist.xml; path = Info.plist; sourceTree = "<group>"; };
		B020AC9B248B7FE400F14D9E /* authxUITests.xctest */ = {isa = PBXFileReference; explicitFileType = wrapper.cfbundle; includeInIndex = 0; path = authxUITests.xctest; sourceTree = BUILT_PRODUCTS_DIR; };
		B020AC9F248B7FE400F14D9E /* authxUITests.swift */ = {isa = PBXFileReference; lastKnownFileType = sourcecode.swift; path = authxUITests.swift; sourceTree = "<group>"; };
		B020ACA1248B7FE400F14D9E /* Info.plist */ = {isa = PBXFileReference; lastKnownFileType = text.plist.xml; path = Info.plist; sourceTree = "<group>"; };
		B0392B5F248C88DA00E84CC8 /* authx.entitlements */ = {isa = PBXFileReference; lastKnownFileType = text.plist.entitlements; path = authx.entitlements; sourceTree = "<group>"; };
		B0392B6A248EEFB400E84CC8 /* QRScanner.swift */ = {isa = PBXFileReference; fileEncoding = 4; lastKnownFileType = sourcecode.swift; path = QRScanner.swift; sourceTree = "<group>"; };
/* End PBXFileReference section */

/* Begin PBXFrameworksBuildPhase section */
		B020AC74248B7FE300F14D9E /* Frameworks */ = {
			isa = PBXFrameworksBuildPhase;
			buildActionMask = 2147483647;
			files = (
			);
			runOnlyForDeploymentPostprocessing = 0;
		};
		B020AC8D248B7FE400F14D9E /* Frameworks */ = {
			isa = PBXFrameworksBuildPhase;
			buildActionMask = 2147483647;
			files = (
			);
			runOnlyForDeploymentPostprocessing = 0;
		};
		B020AC98248B7FE400F14D9E /* Frameworks */ = {
			isa = PBXFrameworksBuildPhase;
			buildActionMask = 2147483647;
			files = (
			);
			runOnlyForDeploymentPostprocessing = 0;
		};
/* End PBXFrameworksBuildPhase section */

/* Begin PBXGroup section */
		B020AC6E248B7FE300F14D9E = {
			isa = PBXGroup;
			children = (
				B020AC79248B7FE300F14D9E /* authx */,
				B020AC93248B7FE400F14D9E /* authxTests */,
				B020AC9E248B7FE400F14D9E /* authxUITests */,
				B020AC78248B7FE300F14D9E /* Products */,
			);
			sourceTree = "<group>";
		};
		B020AC78248B7FE300F14D9E /* Products */ = {
			isa = PBXGroup;
			children = (
				B020AC77248B7FE300F14D9E /* authx.app */,
				B020AC90248B7FE400F14D9E /* authxTests.xctest */,
				B020AC9B248B7FE400F14D9E /* authxUITests.xctest */,
			);
			name = Products;
			sourceTree = "<group>";
		};
		B020AC79248B7FE300F14D9E /* authx */ = {
			isa = PBXGroup;
			children = (
				B0392B5F248C88DA00E84CC8 /* authx.entitlements */,
				B020AC7A248B7FE300F14D9E /* AppDelegate.swift */,
				B020AC7C248B7FE300F14D9E /* SceneDelegate.swift */,
				B0392B6A248EEFB400E84CC8 /* QRScanner.swift */,
				B020AC81248B7FE300F14D9E /* ContentView.swift */,
				B020AC83248B7FE400F14D9E /* Assets.xcassets */,
				B020AC88248B7FE400F14D9E /* LaunchScreen.storyboard */,
				B020AC8B248B7FE400F14D9E /* Info.plist */,
				B020AC7E248B7FE300F14D9E /* authx.xcdatamodeld */,
				B020AC85248B7FE400F14D9E /* Preview Content */,
			);
			path = authx;
			sourceTree = "<group>";
		};
		B020AC85248B7FE400F14D9E /* Preview Content */ = {
			isa = PBXGroup;
			children = (
				B020AC86248B7FE400F14D9E /* Preview Assets.xcassets */,
			);
			path = "Preview Content";
			sourceTree = "<group>";
		};
		B020AC93248B7FE400F14D9E /* authxTests */ = {
			isa = PBXGroup;
			children = (
				B020AC94248B7FE400F14D9E /* authxTests.swift */,
				B020AC96248B7FE400F14D9E /* Info.plist */,
			);
			path = authxTests;
			sourceTree = "<group>";
		};
		B020AC9E248B7FE400F14D9E /* authxUITests */ = {
			isa = PBXGroup;
			children = (
				B020AC9F248B7FE400F14D9E /* authxUITests.swift */,
				B020ACA1248B7FE400F14D9E /* Info.plist */,
			);
			path = authxUITests;
			sourceTree = "<group>";
		};
/* End PBXGroup section */

/* Begin PBXNativeTarget section */
		B020AC76248B7FE300F14D9E /* authx */ = {
			isa = PBXNativeTarget;
			buildConfigurationList = B020ACA4248B7FE400F14D9E /* Build configuration list for PBXNativeTarget "authx" */;
			buildPhases = (
				B020AC73248B7FE300F14D9E /* Sources */,
				B020AC74248B7FE300F14D9E /* Frameworks */,
				B020AC75248B7FE300F14D9E /* Resources */,
			);
			buildRules = (
			);
			dependencies = (
			);
			name = authx;
			productName = authx;
			productReference = B020AC77248B7FE300F14D9E /* authx.app */;
			productType = "com.apple.product-type.application";
		};
		B020AC8F248B7FE400F14D9E /* authxTests */ = {
			isa = PBXNativeTarget;
			buildConfigurationList = B020ACA7248B7FE400F14D9E /* Build configuration list for PBXNativeTarget "authxTests" */;
			buildPhases = (
				B020AC8C248B7FE400F14D9E /* Sources */,
				B020AC8D248B7FE400F14D9E /* Frameworks */,
				B020AC8E248B7FE400F14D9E /* Resources */,
			);
			buildRules = (
			);
			dependencies = (
				B020AC92248B7FE400F14D9E /* PBXTargetDependency */,
			);
			name = authxTests;
			productName = authxTests;
			productReference = B020AC90248B7FE400F14D9E /* authxTests.xctest */;
			productType = "com.apple.product-type.bundle.unit-test";
		};
		B020AC9A248B7FE400F14D9E /* authxUITests */ = {
			isa = PBXNativeTarget;
			buildConfigurationList = B020ACAA248B7FE400F14D9E /* Build configuration list for PBXNativeTarget "authxUITests" */;
			buildPhases = (
				B020AC97248B7FE400F14D9E /* Sources */,
				B020AC98248B7FE400F14D9E /* Frameworks */,
				B020AC99248B7FE400F14D9E /* Resources */,
			);
			buildRules = (
			);
			dependencies = (
				B020AC9D248B7FE400F14D9E /* PBXTargetDependency */,
			);
			name = authxUITests;
			productName = authxUITests;
			productReference = B020AC9B248B7FE400F14D9E /* authxUITests.xctest */;
			productType = "com.apple.product-type.bundle.ui-testing";
		};
/* End PBXNativeTarget section */

/* Begin PBXProject section */
		B020AC6F248B7FE300F14D9E /* Project object */ = {
			isa = PBXProject;
			attributes = {
				LastSwiftUpdateCheck = 1110;
				LastUpgradeCheck = 1110;
				ORGANIZATIONNAME = "SteelBrain LLC.";
				TargetAttributes = {
					B020AC76248B7FE300F14D9E = {
						CreatedOnToolsVersion = 11.1;
					};
					B020AC8F248B7FE400F14D9E = {
						CreatedOnToolsVersion = 11.1;
						TestTargetID = B020AC76248B7FE300F14D9E;
					};
					B020AC9A248B7FE400F14D9E = {
						CreatedOnToolsVersion = 11.1;
						TestTargetID = B020AC76248B7FE300F14D9E;
					};
				};
			};
			buildConfigurationList = B020AC72248B7FE300F14D9E /* Build configuration list for PBXProject "authx" */;
			compatibilityVersion = "Xcode 9.3";
			developmentRegion = en;
			hasScannedForEncodings = 0;
			knownRegions = (
				en,
				Base,
			);
			mainGroup = B020AC6E248B7FE300F14D9E;
			productRefGroup = B020AC78248B7FE300F14D9E /* Products */;
			projectDirPath = "";
			projectRoot = "";
			targets = (
				B020AC76248B7FE300F14D9E /* authx */,
				B020AC8F248B7FE400F14D9E /* authxTests */,
				B020AC9A248B7FE400F14D9E /* authxUITests */,
			);
		};
/* End PBXProject section */

/* Begin PBXResourcesBuildPhase section */
		B020AC75248B7FE300F14D9E /* Resources */ = {
			isa = PBXResourcesBuildPhase;
			buildActionMask = 2147483647;
			files = (
				B020AC8A248B7FE400F14D9E /* LaunchScreen.storyboard in Resources */,
				B020AC87248B7FE400F14D9E /* Preview Assets.xcassets in Resources */,
				B020AC84248B7FE400F14D9E /* Assets.xcassets in Resources */,
			);
			runOnlyForDeploymentPostprocessing = 0;
		};
		B020AC8E248B7FE400F14D9E /* Resources */ = {
			isa = PBXResourcesBuildPhase;
			buildActionMask = 2147483647;
			files = (
			);
			runOnlyForDeploymentPostprocessing = 0;
		};
		B020AC99248B7FE400F14D9E /* Resources */ = {
			isa = PBXResourcesBuildPhase;
			buildActionMask = 2147483647;
			files = (
			);
			runOnlyForDeploymentPostprocessing = 0;
		};
/* End PBXResourcesBuildPhase section */

/* Begin PBXSourcesBuildPhase section */
		B020AC73248B7FE300F14D9E /* Sources */ = {
			isa = PBXSourcesBuildPhase;
			buildActionMask = 2147483647;
			files = (
				B020AC7B248B7FE300F14D9E /* AppDelegate.swift in Sources */,
				B020AC80248B7FE300F14D9E /* authx.xcdatamodeld in Sources */,
				B020AC82248B7FE300F14D9E /* ContentView.swift in Sources */,
				B020AC7D248B7FE300F14D9E /* SceneDelegate.swift in Sources */,
				B0392B6B248EEFB400E84CC8 /* QRScanner.swift in Sources */,
			);
			runOnlyForDeploymentPostprocessing = 0;
		};
		B020AC8C248B7FE400F14D9E /* Sources */ = {
			isa = PBXSourcesBuildPhase;
			buildActionMask = 2147483647;
			files = (
				B020AC95248B7FE400F14D9E /* authxTests.swift in Sources */,
				B0392B6C248EEFB400E84CC8 /* QRScanner.swift in Sources */,
			);
			runOnlyForDeploymentPostprocessing = 0;
		};
		B020AC97248B7FE400F14D9E /* Sources */ = {
			isa = PBXSourcesBuildPhase;
			buildActionMask = 2147483647;
			files = (
				B020ACA0248B7FE400F14D9E /* authxUITests.swift in Sources */,
				B0392B6D248EEFB400E84CC8 /* QRScanner.swift in Sources */,
			);
			runOnlyForDeploymentPostprocessing = 0;
		};
/* End PBXSourcesBuildPhase section */

/* Begin PBXTargetDependency section */
		B020AC92248B7FE400F14D9E /* PBXTargetDependency */ = {
			isa = PBXTargetDependency;
			target = B020AC76248B7FE300F14D9E /* authx */;
			targetProxy = B020AC91248B7FE400F14D9E /* PBXContainerItemProxy */;
		};
		B020AC9D248B7FE400F14D9E /* PBXTargetDependency */ = {
			isa = PBXTargetDependency;
			target = B020AC76248B7FE300F14D9E /* authx */;
			targetProxy = B020AC9C248B7FE400F14D9E /* PBXContainerItemProxy */;
		};
/* End PBXTargetDependency section */

/* Begin PBXVariantGroup section */
		B020AC88248B7FE400F14D9E /* LaunchScreen.storyboard */ = {
			isa = PBXVariantGroup;
			children = (
				B020AC89248B7FE400F14D9E /* Base */,
			);
			name = LaunchScreen.storyboard;
			sourceTree = "<group>";
		};
/* End PBXVariantGroup section */

/* Begin XCBuildConfiguration section */
		B020ACA2248B7FE400F14D9E /* Debug */ = {
			isa = XCBuildConfiguration;
			buildSettings = {
				ALWAYS_SEARCH_USER_PATHS = NO;
				CLANG_ANALYZER_NONNULL = YES;
				CLANG_ANALYZER_NUMBER_OBJECT_CONVERSION = YES_AGGRESSIVE;
				CLANG_CXX_LANGUAGE_STANDARD = "gnu++14";
				CLANG_CXX_LIBRARY = "libc++";
				CLANG_ENABLE_MODULES = YES;
				CLANG_ENABLE_OBJC_ARC = YES;
				CLANG_ENABLE_OBJC_WEAK = YES;
				CLANG_WARN_BLOCK_CAPTURE_AUTORELEASING = YES;
				CLANG_WARN_BOOL_CONVERSION = YES;
				CLANG_WARN_COMMA = YES;
				CLANG_WARN_CONSTANT_CONVERSION = YES;
				CLANG_WARN_DEPRECATED_OBJC_IMPLEMENTATIONS = YES;
				CLANG_WARN_DIRECT_OBJC_ISA_USAGE = YES_ERROR;
				CLANG_WARN_DOCUMENTATION_COMMENTS = YES;
				CLANG_WARN_EMPTY_BODY = YES;
				CLANG_WARN_ENUM_CONVERSION = YES;
				CLANG_WARN_INFINITE_RECURSION = YES;
				CLANG_WARN_INT_CONVERSION = YES;
				CLANG_WARN_NON_LITERAL_NULL_CONVERSION = YES;
				CLANG_WARN_OBJC_IMPLICIT_RETAIN_SELF = YES;
				CLANG_WARN_OBJC_LITERAL_CONVERSION = YES;
				CLANG_WARN_OBJC_ROOT_CLASS = YES_ERROR;
				CLANG_WARN_RANGE_LOOP_ANALYSIS = YES;
				CLANG_WARN_STRICT_PROTOTYPES = YES;
				CLANG_WARN_SUSPICIOUS_MOVE = YES;
				CLANG_WARN_UNGUARDED_AVAILABILITY = YES_AGGRESSIVE;
				CLANG_WARN_UNREACHABLE_CODE = YES;
				CLANG_WARN__DUPLICATE_METHOD_MATCH = YES;
				COPY_PHASE_STRIP = NO;
				DEBUG_INFORMATION_FORMAT = dwarf;
				ENABLE_STRICT_OBJC_MSGSEND = YES;
				ENABLE_TESTABILITY = YES;
				GCC_C_LANGUAGE_STANDARD = gnu11;
				GCC_DYNAMIC_NO_PIC = NO;
				GCC_NO_COMMON_BLOCKS = YES;
				GCC_OPTIMIZATION_LEVEL = 0;
				GCC_PREPROCESSOR_DEFINITIONS = (
					"DEBUG=1",
					"$(inherited)",
				);
				GCC_WARN_64_TO_32_BIT_CONVERSION = YES;
				GCC_WARN_ABOUT_RETURN_TYPE = YES_ERROR;
				GCC_WARN_UNDECLARED_SELECTOR = YES;
				GCC_WARN_UNINITIALIZED_AUTOS = YES_AGGRESSIVE;
				GCC_WARN_UNUSED_FUNCTION = YES;
				GCC_WARN_UNUSED_VARIABLE = YES;
				IPHONEOS_DEPLOYMENT_TARGET = 13.1;
				MTL_ENABLE_DEBUG_INFO = INCLUDE_SOURCE;
				MTL_FAST_MATH = YES;
				ONLY_ACTIVE_ARCH = YES;
				SDKROOT = iphoneos;
				SWIFT_ACTIVE_COMPILATION_CONDITIONS = DEBUG;
				SWIFT_OPTIMIZATION_LEVEL = "-Onone";
			};
			name = Debug;
		};
		B020ACA3248B7FE400F14D9E /* Release */ = {
			isa = XCBuildConfiguration;
			buildSettings = {
				ALWAYS_SEARCH_USER_PATHS = NO;
				CLANG_ANALYZER_NONNULL = YES;
				CLANG_ANALYZER_NUMBER_OBJECT_CONVERSION = YES_AGGRESSIVE;
				CLANG_CXX_LANGUAGE_STANDARD = "gnu++14";
				CLANG_CXX_LIBRARY = "libc++";
				CLANG_ENABLE_MODULES = YES;
				CLANG_ENABLE_OBJC_ARC = YES;
				CLANG_ENABLE_OBJC_WEAK = YES;
				CLANG_WARN_BLOCK_CAPTURE_AUTORELEASING = YES;
				CLANG_WARN_BOOL_CONVERSION = YES;
				CLANG_WARN_COMMA = YES;
				CLANG_WARN_CONSTANT_CONVERSION = YES;
				CLANG_WARN_DEPRECATED_OBJC_IMPLEMENTATIONS = YES;
				CLANG_WARN_DIRECT_OBJC_ISA_USAGE = YES_ERROR;
				CLANG_WARN_DOCUMENTATION_COMMENTS = YES;
				CLANG_WARN_EMPTY_BODY = YES;
				CLANG_WARN_ENUM_CONVERSION = YES;
				CLANG_WARN_INFINITE_RECURSION = YES;
				CLANG_WARN_INT_CONVERSION = YES;
				CLANG_WARN_NON_LITERAL_NULL_CONVERSION = YES;
				CLANG_WARN_OBJC_IMPLICIT_RETAIN_SELF = YES;
				CLANG_WARN_OBJC_LITERAL_CONVERSION = YES;
				CLANG_WARN_OBJC_ROOT_CLASS = YES_ERROR;
				CLANG_WARN_RANGE_LOOP_ANALYSIS = YES;
				CLANG_WARN_STRICT_PROTOTYPES = YES;
				CLANG_WARN_SUSPICIOUS_MOVE = YES;
				CLANG_WARN_UNGUARDED_AVAILABILITY = YES_AGGRESSIVE;
				CLANG_WARN_UNREACHABLE_CODE = YES;
				CLANG_WARN__DUPLICATE_METHOD_MATCH = YES;
				COPY_PHASE_STRIP = NO;
				DEBUG_INFORMATION_FORMAT = "dwarf-with-dsym";
				ENABLE_NS_ASSERTIONS = NO;
				ENABLE_STRICT_OBJC_MSGSEND = YES;
				GCC_C_LANGUAGE_STANDARD = gnu11;
				GCC_NO_COMMON_BLOCKS = YES;
				GCC_WARN_64_TO_32_BIT_CONVERSION = YES;
				GCC_WARN_ABOUT_RETURN_TYPE = YES_ERROR;
				GCC_WARN_UNDECLARED_SELECTOR = YES;
				GCC_WARN_UNINITIALIZED_AUTOS = YES_AGGRESSIVE;
				GCC_WARN_UNUSED_FUNCTION = YES;
				GCC_WARN_UNUSED_VARIABLE = YES;
				IPHONEOS_DEPLOYMENT_TARGET = 13.1;
				MTL_ENABLE_DEBUG_INFO = NO;
				MTL_FAST_MATH = YES;
				SDKROOT = iphoneos;
				SWIFT_COMPILATION_MODE = wholemodule;
				SWIFT_OPTIMIZATION_LEVEL = "-O";
				VALIDATE_PRODUCT = YES;
			};
			name = Release;
		};
		B020ACA5248B7FE400F14D9E /* Debug */ = {
			isa = XCBuildConfiguration;
			buildSettings = {
				ASSETCATALOG_COMPILER_APPICON_NAME = AppIcon;
				CODE_SIGN_ENTITLEMENTS = authx/authx.entitlements;
				CODE_SIGN_STYLE = Automatic;
				DERIVE_MACCATALYST_PRODUCT_BUNDLE_IDENTIFIER = YES;
				DEVELOPMENT_ASSET_PATHS = "\"authx/Preview Content\"";
				DEVELOPMENT_TEAM = 7N4R2UL42P;
				ENABLE_PREVIEWS = YES;
				INFOPLIST_FILE = authx/Info.plist;
				LD_RUNPATH_SEARCH_PATHS = (
					"$(inherited)",
					"@executable_path/Frameworks",
				);
				PRODUCT_BUNDLE_IDENTIFIER = steelbrain.co.authx;
				PRODUCT_NAME = "$(TARGET_NAME)";
				SUPPORTS_MACCATALYST = YES;
				SWIFT_VERSION = 5.0;
				TARGETED_DEVICE_FAMILY = "1,2";
			};
			name = Debug;
		};
		B020ACA6248B7FE400F14D9E /* Release */ = {
			isa = XCBuildConfiguration;
			buildSettings = {
				ASSETCATALOG_COMPILER_APPICON_NAME = AppIcon;
				CODE_SIGN_ENTITLEMENTS = authx/authx.entitlements;
				CODE_SIGN_STYLE = Automatic;
				DERIVE_MACCATALYST_PRODUCT_BUNDLE_IDENTIFIER = YES;
				DEVELOPMENT_ASSET_PATHS = "\"authx/Preview Content\"";
				DEVELOPMENT_TEAM = 7N4R2UL42P;
				ENABLE_PREVIEWS = YES;
				INFOPLIST_FILE = authx/Info.plist;
				LD_RUNPATH_SEARCH_PATHS = (
					"$(inherited)",
					"@executable_path/Frameworks",
				);
				PRODUCT_BUNDLE_IDENTIFIER = steelbrain.co.authx;
				PRODUCT_NAME = "$(TARGET_NAME)";
				SUPPORTS_MACCATALYST = YES;
				SWIFT_VERSION = 5.0;
				TARGETED_DEVICE_FAMILY = "1,2";
			};
			name = Release;
		};
		B020ACA8248B7FE400F14D9E /* Debug */ = {
			isa = XCBuildConfiguration;
			buildSettings = {
				ALWAYS_EMBED_SWIFT_STANDARD_LIBRARIES = YES;
				BUNDLE_LOADER = "$(TEST_HOST)";
				CODE_SIGN_STYLE = Automatic;
				DEVELOPMENT_TEAM = 7N4R2UL42P;
				INFOPLIST_FILE = authxTests/Info.plist;
				IPHONEOS_DEPLOYMENT_TARGET = 13.1;
				LD_RUNPATH_SEARCH_PATHS = (
					"$(inherited)",
					"@executable_path/Frameworks",
					"@loader_path/Frameworks",
				);
				PRODUCT_BUNDLE_IDENTIFIER = steelbrain.co.authxTests;
				PRODUCT_NAME = "$(TARGET_NAME)";
				SWIFT_VERSION = 5.0;
				TARGETED_DEVICE_FAMILY = "1,2";
				TEST_HOST = "$(BUILT_PRODUCTS_DIR)/authx.app/authx";
			};
			name = Debug;
		};
		B020ACA9248B7FE400F14D9E /* Release */ = {
			isa = XCBuildConfiguration;
			buildSettings = {
				ALWAYS_EMBED_SWIFT_STANDARD_LIBRARIES = YES;
				BUNDLE_LOADER = "$(TEST_HOST)";
				CODE_SIGN_STYLE = Automatic;
				DEVELOPMENT_TEAM = 7N4R2UL42P;
				INFOPLIST_FILE = authxTests/Info.plist;
				IPHONEOS_DEPLOYMENT_TARGET = 13.1;
				LD_RUNPATH_SEARCH_PATHS = (
					"$(inherited)",
					"@executable_path/Frameworks",
					"@loader_path/Frameworks",
				);
				PRODUCT_BUNDLE_IDENTIFIER = steelbrain.co.authxTests;
				PRODUCT_NAME = "$(TARGET_NAME)";
				SWIFT_VERSION = 5.0;
				TARGETED_DEVICE_FAMILY = "1,2";
				TEST_HOST = "$(BUILT_PRODUCTS_DIR)/authx.app/authx";
			};
			name = Release;
		};
		B020ACAB248B7FE400F14D9E /* Debug */ = {
			isa = XCBuildConfiguration;
			buildSettings = {
				ALWAYS_EMBED_SWIFT_STANDARD_LIBRARIES = YES;
				CODE_SIGN_STYLE = Automatic;
				DEVELOPMENT_TEAM = 7N4R2UL42P;
				INFOPLIST_FILE = authxUITests/Info.plist;
				LD_RUNPATH_SEARCH_PATHS = (
					"$(inherited)",
					"@executable_path/Frameworks",
					"@loader_path/Frameworks",
				);
				PRODUCT_BUNDLE_IDENTIFIER = steelbrain.co.authxUITests;
				PRODUCT_NAME = "$(TARGET_NAME)";
				SWIFT_VERSION = 5.0;
				TARGETED_DEVICE_FAMILY = "1,2";
				TEST_TARGET_NAME = authx;
			};
			name = Debug;
		};
		B020ACAC248B7FE400F14D9E /* Release */ = {
			isa = XCBuildConfiguration;
			buildSettings = {
				ALWAYS_EMBED_SWIFT_STANDARD_LIBRARIES = YES;
				CODE_SIGN_STYLE = Automatic;
				DEVELOPMENT_TEAM = 7N4R2UL42P;
				INFOPLIST_FILE = authxUITests/Info.plist;
				LD_RUNPATH_SEARCH_PATHS = (
					"$(inherited)",
					"@executable_path/Frameworks",
					"@loader_path/Frameworks",
				);
				PRODUCT_BUNDLE_IDENTIFIER = steelbrain.co.authxUITests;
				PRODUCT_NAME = "$(TARGET_NAME)";
				SWIFT_VERSION = 5.0;
				TARGETED_DEVICE_FAMILY = "1,2";
				TEST_TARGET_NAME = authx;
			};
			name = Release;
		};
/* End XCBuildConfiguration section */

/* Begin XCConfigurationList section */
		B020AC72248B7FE300F14D9E /* Build configuration list for PBXProject "authx" */ = {
			isa = XCConfigurationList;
			buildConfigurations = (
				B020ACA2248B7FE400F14D9E /* Debug */,
				B020ACA3248B7FE400F14D9E /* Release */,
			);
			defaultConfigurationIsVisible = 0;
			defaultConfigurationName = Release;
		};
		B020ACA4248B7FE400F14D9E /* Build configuration list for PBXNativeTarget "authx" */ = {
			isa = XCConfigurationList;
			buildConfigurations = (
				B020ACA5248B7FE400F14D9E /* Debug */,
				B020ACA6248B7FE400F14D9E /* Release */,
			);
			defaultConfigurationIsVisible = 0;
			defaultConfigurationName = Release;
		};
		B020ACA7248B7FE400F14D9E /* Build configuration list for PBXNativeTarget "authxTests" */ = {
			isa = XCConfigurationList;
			buildConfigurations = (
				B020ACA8248B7FE400F14D9E /* Debug */,
				B020ACA9248B7FE400F14D9E /* Release */,
			);
			defaultConfigurationIsVisible = 0;
			defaultConfigurationName = Release;
		};
		B020ACAA248B7FE400F14D9E /* Build configuration list for PBXNativeTarget "authxUITests" */ = {
			isa = XCConfigurationList;
			buildConfigurations = (
				B020ACAB248B7FE400F14D9E /* Debug */,
				B020ACAC248B7FE400F14D9E /* Release */,
			);
			defaultConfigurationIsVisible = 0;
			defaultConfigurationName = Release;
		};
/* End XCConfigurationList section */

/* Begin XCVersionGroup section */
		B020AC7E248B7FE300F14D9E /* authx.xcdatamodeld */ = {
			isa = XCVersionGroup;
			children = (
				B020AC7F248B7FE300F14D9E /* authx.xcdatamodel */,
			);
			currentVersion = B020AC7F248B7FE300F14D9E /* authx.xcdatamodel */;
			path = authx.xcdatamodeld;
			sourceTree = "<group>";
			versionGroupType = wrapper.xcdatamodel;
		};
/* End XCVersionGroup section */
	};
	rootObject = B020AC6F248B7FE300F14D9E /* Project object */;
}
